<?xml version="1.0" encoding="utf-8"?>
<Project ToolsVersion="4.0" xmlns="http://schemas.microsoft.com/developer/msbuild/2003">
  <ItemGroup>
    <ClCompile Include="sample.cpp" />
    <ClCompile Include="xas.cpp">
      <Filter>xas</Filter>
    </ClCompile>
  </ItemGroup>
  <ItemGroup>
    <Filter Include="xas">
      <UniqueIdentifier>{476a6648-d6c9-48f2-84c0-13745afa316f}</UniqueIdentifier>
    </Filter>
  </ItemGroup>
  <ItemGroup>
    <ClInclude Include="xas.h">
      <Filter>xas</Filter>
    </ClInclude>
  </ItemGroup>
</Project>