<?xml version="1.0" encoding="utf-8"?>
<Project ToolsVersion="4.0" xmlns="http://schemas.microsoft.com/developer/msbuild/2003">
  <ItemGroup>
    <ClCompile Include="sample.cpp" />
    <ClCompile Include="xrot.cpp">
      <Filter>xrot</Filter>
    </ClCompile>
  </ItemGroup>
  <ItemGroup>
    <Filter Include="xrot">
      <UniqueIdentifier>{42979f5f-ce7a-428e-8ef4-6f9338174367}</UniqueIdentifier>
    </Filter>
  </ItemGroup>
  <ItemGroup>
    <ClInclude Include="xrot.h">
      <Filter>xrot</Filter>
    </ClInclude>
  </ItemGroup>
</Project>