<?xml version="1.0" encoding="utf-8"?>
<Project ToolsVersion="4.0" xmlns="http://schemas.microsoft.com/developer/msbuild/2003">
  <ItemGroup>
    <Filter Include="caesar">
      <UniqueIdentifier>{c5a896bc-1f73-42b9-b67d-e3f8d9df7f5e}</UniqueIdentifier>
    </Filter>
  </ItemGroup>
  <ItemGroup>
    <ClCompile Include="caesar.cpp">
      <Filter>caesar</Filter>
    </ClCompile>
  </ItemGroup>
  <ItemGroup>
    <ClInclude Include="caesar.h">
      <Filter>caesar</Filter>
    </ClInclude>
  </ItemGroup>
</Project>